PODS:
  - Flutter (1.0.0)
  - path_provider (0.0.1):
    - Flutter
  - path_provider_linux (0.0.1):
    - Flutter
  - path_provider_macos (0.0.1):
    - Flutter
  - permission_handler (3.3.0):
    - Flutter
  - yandex_mapkit (0.0.1):
    - Flutter
    - YandexMapKit (= 3.5.0)
    - YandexMapKitSearch (= 3.5.0)
    - YandexRuntime (= 3.5.0)
  - YandexMapKit (3.5.0):
    - YandexRuntime (= 3.5.0)
  - YandexMapKitSearch (3.5.0):
    - YandexMapKit (= 3.5.0)
    - YandexRuntime (= 3.5.0)
  - YandexRuntime (3.5.0)

DEPENDENCIES:
  - Flutter (from `Flutter`)
  - path_provider (from `.symlinks/plugins/path_provider/ios`)
  - path_provider_linux (from `.symlinks/plugins/path_provider_linux/ios`)
  - path_provider_macos (from `.symlinks/plugins/path_provider_macos/ios`)
  - permission_handler (from `.symlinks/plugins/permission_handler/ios`)
  - yandex_mapkit (from `.symlinks/plugins/yandex_mapkit/ios`)

SPEC REPOS:
  trunk:
    - YandexMapKit
    - YandexMapKitSearch
    - YandexRuntime

EXTERNAL SOURCES:
  Flutter:
    :path: Flutter
  path_provider:
    :path: ".symlinks/plugins/path_provider/ios"
  path_provider_linux:
    :path: ".symlinks/plugins/path_provider_linux/ios"
  path_provider_macos:
    :path: ".symlinks/plugins/path_provider_macos/ios"
  permission_handler:
    :path: ".symlinks/plugins/permission_handler/ios"
  yandex_mapkit:
    :path: ".symlinks/plugins/yandex_mapkit/ios"

SPEC CHECKSUMS:
  Flutter: 0e3d915762c693b495b44d77113d4970485de6ec
  path_provider: abfe2b5c733d04e238b0d8691db0cfd63a27a93c
  path_provider_linux: 4d630dc393e1f20364f3e3b4a2ff41d9674a84e4
  path_provider_macos: f760a3c5b04357c380e2fddb6f9db6f3015897e0
  permission_handler: 67637977b227d62d46bfbf524f335f8568de5a73
  yandex_mapkit: 808e1857438445c61e2789a9e4374b230a0a97ca
  YandexMapKit: ecd4b78de34a35df63d066ac299e6fd0fe46d1ba
  YandexMapKitSearch: b46ddd1c80e2e35d006cdfc4ab88070a50cebeda
  YandexRuntime: 2d55244d06267106cf9b00c25a1e63f72a73b6fd

PODFILE CHECKSUM: 2609452b760cd11039b14039a86564367a3d8ab9

COCOAPODS: 1.9.3
